
Microsoft Visual Studio Solution File, Format Version 12.00
# Visual Studio Version 17
VisualStudioVersion = 17.14.36616.10
MinimumVisualStudioVersion = 10.0.40219.1
Project("{2150E333-8FDC-42A3-9474-1A3956D46DE8}") = "Services", "Services", "{02EA681E-C7D8-13C7-8484-4AC65E1B71E8}"
EndProject
Project("{2150E333-8FDC-42A3-9474-1A3956D46DE8}") = "Catalog", "Catalog", "{3998F0CC-C0A0-4E5A-BBE0-8D5507CA3A62}"
EndProject
Project("{FAE04EC0-301F-11D3-BF4B-00C04F79EFBC}") = "Catalog.API", "Services\Catalog\Catalog.API\Catalog.API.csproj", "{4C8D83BF-42E7-4815-AD85-E066B9477247}"
EndProject
Project("{2150E333-8FDC-42A3-9474-1A3956D46DE8}") = "BuildingBlocks", "BuildingBlocks", "{1BFAA7BE-8E59-4891-A7A4-2C6CB6F0C4B6}"
EndProject
Project("{FAE04EC0-301F-11D3-BF4B-00C04F79EFBC}") = "BuildingBlocks", "BuildingBlocks\BuildingBlocks\BuildingBlocks.csproj", "{7F3766E1-54C2-4C28-A288-F751FB9E5393}"
EndProject
Project("{E53339B2-1760-4266-BCC7-CA923CBCF16C}") = "docker-compose", "docker-compose.dcproj", "{81DDED9D-158B-E303-5F62-77A2896D2A5A}"
EndProject
Project("{2150E333-8FDC-42A3-9474-1A3956D46DE8}") = "Basket", "Basket", "{C3BB6FF3-B200-4CE9-B9E5-67CB36745707}"
EndProject
Project("{FAE04EC0-301F-11D3-BF4B-00C04F79EFBC}") = "Basket.API", "Services\Basket\Basket.API\Basket.API.csproj", "{32D08498-7E2A-43A4-911D-5BC42C340ADC}"
EndProject
Project("{2150E333-8FDC-42A3-9474-1A3956D46DE8}") = "Discount", "Discount", "{DEAA1AFD-3250-4F64-B6BD-75295C0ED194}"
EndProject
Project("{FAE04EC0-301F-11D3-BF4B-00C04F79EFBC}") = "Discount.Grpc", "Services\Discount\Discount.Grpc\Discount.Grpc.csproj", "{7029726B-3A5D-4213-BB69-D8E2442E5910}"
EndProject
Project("{2150E333-8FDC-42A3-9474-1A3956D46DE8}") = "Ordering", "Ordering", "{D3BEDC17-BE85-4630-8FFE-49385D64B1FB}"
EndProject
Project("{FAE04EC0-301F-11D3-BF4B-00C04F79EFBC}") = "Ordering.API", "Services\Ordering\Ordering.API\Ordering.API.csproj", "{B2798235-796F-48F1-B652-389593DFFE76}"
EndProject
Project("{FAE04EC0-301F-11D3-BF4B-00C04F79EFBC}") = "Ordering.Domain", "Services\Ordering\Ordering.Domain\Ordering.Domain.csproj", "{6E826733-CD56-47D1-A6A2-15386E987BBA}"
EndProject
Project("{FAE04EC0-301F-11D3-BF4B-00C04F79EFBC}") = "Ordering.Application", "Services\Ordering\Ordering.Application\Ordering.Application.csproj", "{DB0AB616-9416-4BDE-A1F9-074F3709EA0E}"
EndProject
Project("{FAE04EC0-301F-11D3-BF4B-00C04F79EFBC}") = "Ordering.Infrastructure", "Services\Ordering\Ordering.Infrastructure\Ordering.Infrastructure.csproj", "{77CB9EC6-EF5E-4255-B1C5-DFBD16BB4F6D}"
EndProject
Global
	GlobalSection(SolutionConfigurationPlatforms) = preSolution
		Debug|Any CPU = Debug|Any CPU
		Release|Any CPU = Release|Any CPU
	EndGlobalSection
	GlobalSection(ProjectConfigurationPlatforms) = postSolution
		{4C8D83BF-42E7-4815-AD85-E066B9477247}.Debug|Any CPU.ActiveCfg = Debug|Any CPU
		{4C8D83BF-42E7-4815-AD85-E066B9477247}.Debug|Any CPU.Build.0 = Debug|Any CPU
		{4C8D83BF-42E7-4815-AD85-E066B9477247}.Release|Any CPU.ActiveCfg = Release|Any CPU
		{4C8D83BF-42E7-4815-AD85-E066B9477247}.Release|Any CPU.Build.0 = Release|Any CPU
		{7F3766E1-54C2-4C28-A288-F751FB9E5393}.Debug|Any CPU.ActiveCfg = Debug|Any CPU
		{7F3766E1-54C2-4C28-A288-F751FB9E5393}.Debug|Any CPU.Build.0 = Debug|Any CPU
		{7F3766E1-54C2-4C28-A288-F751FB9E5393}.Release|Any CPU.ActiveCfg = Release|Any CPU
		{7F3766E1-54C2-4C28-A288-F751FB9E5393}.Release|Any CPU.Build.0 = Release|Any CPU
		{81DDED9D-158B-E303-5F62-77A2896D2A5A}.Debug|Any CPU.ActiveCfg = Debug|Any CPU
		{81DDED9D-158B-E303-5F62-77A2896D2A5A}.Debug|Any CPU.Build.0 = Debug|Any CPU
		{81DDED9D-158B-E303-5F62-77A2896D2A5A}.Release|Any CPU.ActiveCfg = Release|Any CPU
		{81DDED9D-158B-E303-5F62-77A2896D2A5A}.Release|Any CPU.Build.0 = Release|Any CPU
		{32D08498-7E2A-43A4-911D-5BC42C340ADC}.Debug|Any CPU.ActiveCfg = Debug|Any CPU
		{32D08498-7E2A-43A4-911D-5BC42C340ADC}.Debug|Any CPU.Build.0 = Debug|Any CPU
		{32D08498-7E2A-43A4-911D-5BC42C340ADC}.Release|Any CPU.ActiveCfg = Release|Any CPU
		{32D08498-7E2A-43A4-911D-5BC42C340ADC}.Release|Any CPU.Build.0 = Release|Any CPU
		{7029726B-3A5D-4213-BB69-D8E2442E5910}.Debug|Any CPU.ActiveCfg = Debug|Any CPU
		{7029726B-3A5D-4213-BB69-D8E2442E5910}.Debug|Any CPU.Build.0 = Debug|Any CPU
		{7029726B-3A5D-4213-BB69-D8E2442E5910}.Release|Any CPU.ActiveCfg = Release|Any CPU
		{7029726B-3A5D-4213-BB69-D8E2442E5910}.Release|Any CPU.Build.0 = Release|Any CPU
		{B2798235-796F-48F1-B652-389593DFFE76}.Debug|Any CPU.ActiveCfg = Debug|Any CPU
		{B2798235-796F-48F1-B652-389593DFFE76}.Debug|Any CPU.Build.0 = Debug|Any CPU
		{B2798235-796F-48F1-B652-389593DFFE76}.Release|Any CPU.ActiveCfg = Release|Any CPU
		{B2798235-796F-48F1-B652-389593DFFE76}.Release|Any CPU.Build.0 = Release|Any CPU
		{6E826733-CD56-47D1-A6A2-15386E987BBA}.Debug|Any CPU.ActiveCfg = Debug|Any CPU
		{6E826733-CD56-47D1-A6A2-15386E987BBA}.Debug|Any CPU.Build.0 = Debug|Any CPU
		{6E826733-CD56-47D1-A6A2-15386E987BBA}.Release|Any CPU.ActiveCfg = Release|Any CPU
		{6E826733-CD56-47D1-A6A2-15386E987BBA}.Release|Any CPU.Build.0 = Release|Any CPU
		{DB0AB616-9416-4BDE-A1F9-074F3709EA0E}.Debug|Any CPU.ActiveCfg = Debug|Any CPU
		{DB0AB616-9416-4BDE-A1F9-074F3709EA0E}.Debug|Any CPU.Build.0 = Debug|Any CPU
		{DB0AB616-9416-4BDE-A1F9-074F3709EA0E}.Release|Any CPU.ActiveCfg = Release|Any CPU
		{DB0AB616-9416-4BDE-A1F9-074F3709EA0E}.Release|Any CPU.Build.0 = Release|Any CPU
		{77CB9EC6-EF5E-4255-B1C5-DFBD16BB4F6D}.Debug|Any CPU.ActiveCfg = Debug|Any CPU
		{77CB9EC6-EF5E-4255-B1C5-DFBD16BB4F6D}.Debug|Any CPU.Build.0 = Debug|Any CPU
		{77CB9EC6-EF5E-4255-B1C5-DFBD16BB4F6D}.Release|Any CPU.ActiveCfg = Release|Any CPU
		{77CB9EC6-EF5E-4255-B1C5-DFBD16BB4F6D}.Release|Any CPU.Build.0 = Release|Any CPU
	EndGlobalSection
	GlobalSection(SolutionProperties) = preSolution
		HideSolutionNode = FALSE
	EndGlobalSection
	GlobalSection(NestedProjects) = preSolution
		{3998F0CC-C0A0-4E5A-BBE0-8D5507CA3A62} = {02EA681E-C7D8-13C7-8484-4AC65E1B71E8}
		{4C8D83BF-42E7-4815-AD85-E066B9477247} = {3998F0CC-C0A0-4E5A-BBE0-8D5507CA3A62}
		{7F3766E1-54C2-4C28-A288-F751FB9E5393} = {1BFAA7BE-8E59-4891-A7A4-2C6CB6F0C4B6}
		{C3BB6FF3-B200-4CE9-B9E5-67CB36745707} = {02EA681E-C7D8-13C7-8484-4AC65E1B71E8}
		{32D08498-7E2A-43A4-911D-5BC42C340ADC} = {C3BB6FF3-B200-4CE9-B9E5-67CB36745707}
		{DEAA1AFD-3250-4F64-B6BD-75295C0ED194} = {02EA681E-C7D8-13C7-8484-4AC65E1B71E8}
		{7029726B-3A5D-4213-BB69-D8E2442E5910} = {DEAA1AFD-3250-4F64-B6BD-75295C0ED194}
		{D3BEDC17-BE85-4630-8FFE-49385D64B1FB} = {02EA681E-C7D8-13C7-8484-4AC65E1B71E8}
		{B2798235-796F-48F1-B652-389593DFFE76} = {D3BEDC17-BE85-4630-8FFE-49385D64B1FB}
		{6E826733-CD56-47D1-A6A2-15386E987BBA} = {D3BEDC17-BE85-4630-8FFE-49385D64B1FB}
		{DB0AB616-9416-4BDE-A1F9-074F3709EA0E} = {D3BEDC17-BE85-4630-8FFE-49385D64B1FB}
		{77CB9EC6-EF5E-4255-B1C5-DFBD16BB4F6D} = {D3BEDC17-BE85-4630-8FFE-49385D64B1FB}
	EndGlobalSection
	GlobalSection(ExtensibilityGlobals) = postSolution
		SolutionGuid = {C3C52FC7-4ED6-4F3C-80A1-BAA567F36866}
	EndGlobalSection
EndGlobal
